// !$*UTF8*$!
{
	archiveVersion = 1;
	classes = {
	};
	objectVersion = 46;
	objects = {

/* Begin PBXBuildFile section */
		2E006A1C1B5A3E145070D626 /* libPods.a in Frameworks */ = {isa = PBXBuildFile; fileRef = 47DBF2BB99817F8E7F4636D8 /* libPods.a */; };
		8955DB1F1BB130ED00636FCA /* main.m in Sources */ = {isa = PBXBuildFile; fileRef = 8955DB1E1BB130ED00636FCA /* main.m */; };
		8955DB221BB130ED00636FCA /* AppDelegate.m in Sources */ = {isa = PBXBuildFile; fileRef = 8955DB211BB130ED00636FCA /* AppDelegate.m */; };
		8955DB281BB130ED00636FCA /* Main.storyboard in Resources */ = {isa = PBXBuildFile; fileRef = 8955DB261BB130ED00636FCA /* Main.storyboard */; };
		8955DB2A1BB130ED00636FCA /* Assets.xcassets in Resources */ = {isa = PBXBuildFile; fileRef = 8955DB291BB130ED00636FCA /* Assets.xcassets */; };
		8955DB2D1BB130ED00636FCA /* LaunchScreen.storyboard in Resources */ = {isa = PBXBuildFile; fileRef = 8955DB2B1BB130ED00636FCA /* LaunchScreen.storyboard */; };
		899D37E31BB1C65D00C4B64D /* ViewController.m in Sources */ = {isa = PBXBuildFile; fileRef = 899D37E21BB1C65D00C4B64D /* ViewController.m */; settings = {ASSET_TAGS = (); }; };
/* End PBXBuildFile section */

/* Begin PBXFileReference section */
		3CC3B14906098D5896252B82 /* Pods.debug.xcconfig */ = {isa = PBXFileReference; includeInIndex = 1; lastKnownFileType = text.xcconfig; name = Pods.debug.xcconfig; path = "Pods/Target Support Files/Pods/Pods.debug.xcconfig"; sourceTree = "<group>"; };
		47DBF2BB99817F8E7F4636D8 /* libPods.a */ = {isa = PBXFileReference; explicitFileType = archive.ar; includeInIndex = 0; path = libPods.a; sourceTree = BUILT_PRODUCTS_DIR; };
		8955DB1A1BB130ED00636FCA /* QuickStartProjectTemplate.app */ = {isa = PBXFileReference; explicitFileType = wrapper.application; includeInIndex = 0; path = QuickStartProjectTemplate.app; sourceTree = BUILT_PRODUCTS_DIR; };
		8955DB1E1BB130ED00636FCA /* main.m */ = {isa = PBXFileReference; lastKnownFileType = sourcecode.c.objc; path = main.m; sourceTree = "<group>"; };
		8955DB201BB130ED00636FCA /* AppDelegate.h */ = {isa = PBXFileReference; lastKnownFileType = sourcecode.c.h; path = AppDelegate.h; sourceTree = "<group>"; };
		8955DB211BB130ED00636FCA /* AppDelegate.m */ = {isa = PBXFileReference; lastKnownFileType = sourcecode.c.objc; path = AppDelegate.m; sourceTree = "<group>"; };
		8955DB271BB130ED00636FCA /* Base */ = {isa = PBXFileReference; lastKnownFileType = file.storyboard; name = Base; path = Base.lproj/Main.storyboard; sourceTree = "<group>"; };
		8955DB291BB130ED00636FCA /* Assets.xcassets */ = {isa = PBXFileReference; lastKnownFileType = folder.assetcatalog; name = Assets.xcassets; path = ../Assets.xcassets; sourceTree = "<group>"; };
		8955DB2C1BB130ED00636FCA /* Base */ = {isa = PBXFileReference; lastKnownFileType = file.storyboard; name = Base; path = Base.lproj/LaunchScreen.storyboard; sourceTree = "<group>"; };
		8955DB2E1BB130ED00636FCA /* Info.plist */ = {isa = PBXFileReference; lastKnownFileType = text.plist.xml; path = Info.plist; sourceTree = "<group>"; };
		899D37E11BB1C65D00C4B64D /* ViewController.h */ = {isa = PBXFileReference; fileEncoding = 4; lastKnownFileType = sourcecode.c.h; path = ViewController.h; sourceTree = "<group>"; };
		899D37E21BB1C65D00C4B64D /* ViewController.m */ = {isa = PBXFileReference; fileEncoding = 4; lastKnownFileType = sourcecode.c.objc; path = ViewController.m; sourceTree = "<group>"; };
		D6921ABD13F8E8F946CCA66E /* Pods.release.xcconfig */ = {isa = PBXFileReference; includeInIndex = 1; lastKnownFileType = text.xcconfig; name = Pods.release.xcconfig; path = "Pods/Target Support Files/Pods/Pods.release.xcconfig"; sourceTree = "<group>"; };
/* End PBXFileReference section */

/* Begin PBXFrameworksBuildPhase section */
		8955DB171BB130ED00636FCA /* Frameworks */ = {
			isa = PBXFrameworksBuildPhase;
			buildActionMask = 2147483647;
			files = (
				2E006A1C1B5A3E145070D626 /* libPods.a in Frameworks */,
			);
			runOnlyForDeploymentPostprocessing = 0;
		};
/* End PBXFrameworksBuildPhase section */

/* Begin PBXGroup section */
		39F9446F2DF20AE5BE7087AE /* Frameworks */ = {
			isa = PBXGroup;
			children = (
				47DBF2BB99817F8E7F4636D8 /* libPods.a */,
			);
			name = Frameworks;
			sourceTree = "<group>";
		};
		8955DB111BB130ED00636FCA = {
			isa = PBXGroup;
			children = (
				8955DB1C1BB130ED00636FCA /* QuickStartProjectTemplate */,
				8955DB1B1BB130ED00636FCA /* Products */,
				EA424D13B33E7195BCC73460 /* Pods */,
				39F9446F2DF20AE5BE7087AE /* Frameworks */,
			);
			sourceTree = "<group>";
		};
		8955DB1B1BB130ED00636FCA /* Products */ = {
			isa = PBXGroup;
			children = (
				8955DB1A1BB130ED00636FCA /* QuickStartProjectTemplate.app */,
			);
			name = Products;
			sourceTree = "<group>";
		};
		8955DB1C1BB130ED00636FCA /* QuickStartProjectTemplate */ = {
			isa = PBXGroup;
			children = (
				8955DB201BB130ED00636FCA /* AppDelegate.h */,
				8955DB211BB130ED00636FCA /* AppDelegate.m */,
				899D37DA1BB1C65D00C4B64D /* Common */,
				899D37DB1BB1C65D00C4B64D /* Helper */,
				899D37DC1BB1C65D00C4B64D /* Model */,
				899D37DD1BB1C65D00C4B64D /* Request */,
				899D37DE1BB1C65D00C4B64D /* Resource */,
				899D37DF1BB1C65D00C4B64D /* Vendor */,
				899D37E01BB1C65D00C4B64D /* ViewControllers */,
				8955DB2E1BB130ED00636FCA /* Info.plist */,
				8955DB1D1BB130ED00636FCA /* Supporting Files */,
			);
			path = QuickStartProjectTemplate;
			sourceTree = "<group>";
		};
		8955DB1D1BB130ED00636FCA /* Supporting Files */ = {
			isa = PBXGroup;
			children = (
				8955DB1E1BB130ED00636FCA /* main.m */,
			);
			name = "Supporting Files";
			sourceTree = "<group>";
		};
		899D37DA1BB1C65D00C4B64D /* Common */ = {
			isa = PBXGroup;
			children = (
			);
			path = Common;
			sourceTree = "<group>";
		};
		899D37DB1BB1C65D00C4B64D /* Helper */ = {
			isa = PBXGroup;
			children = (
			);
			path = Helper;
			sourceTree = "<group>";
		};
		899D37DC1BB1C65D00C4B64D /* Model */ = {
			isa = PBXGroup;
			children = (
			);
			path = Model;
			sourceTree = "<group>";
		};
		899D37DD1BB1C65D00C4B64D /* Request */ = {
			isa = PBXGroup;
			children = (
			);
			path = Request;
			sourceTree = "<group>";
		};
		899D37DE1BB1C65D00C4B64D /* Resource */ = {
			isa = PBXGroup;
			children = (
				8955DB2B1BB130ED00636FCA /* LaunchScreen.storyboard */,
				8955DB261BB130ED00636FCA /* Main.storyboard */,
				8955DB291BB130ED00636FCA /* Assets.xcassets */,
			);
			path = Resource;
			sourceTree = "<group>";
		};
		899D37DF1BB1C65D00C4B64D /* Vendor */ = {
			isa = PBXGroup;
			children = (
			);
			path = Vendor;
			sourceTree = "<group>";
		};
		899D37E01BB1C65D00C4B64D /* ViewControllers */ = {
			isa = PBXGroup;
			children = (
				899D37E11BB1C65D00C4B64D /* ViewController.h */,
				899D37E21BB1C65D00C4B64D /* ViewController.m */,
			);
			path = ViewControllers;
			sourceTree = "<group>";
		};
		EA424D13B33E7195BCC73460 /* Pods */ = {
			isa = PBXGroup;
			children = (
				3CC3B14906098D5896252B82 /* Pods.debug.xcconfig */,
				D6921ABD13F8E8F946CCA66E /* Pods.release.xcconfig */,
			);
			name = Pods;
			sourceTree = "<group>";
		};
/* End PBXGroup section */

/* Begin PBXNativeTarget section */
		8955DB191BB130ED00636FCA /* QuickStartProjectTemplate */ = {
			isa = PBXNativeTarget;
			buildConfigurationList = 8955DB311BB130ED00636FCA /* Build configuration list for PBXNativeTarget "QuickStartProjectTemplate" */;
			buildPhases = (
				5134EC034A8BB48763FE0D74 /* Check Pods Manifest.lock */,
				8955DB161BB130ED00636FCA /* Sources */,
				8955DB171BB130ED00636FCA /* Frameworks */,
				8955DB181BB130ED00636FCA /* Resources */,
				6606981E9310B2D184A898FD /* Copy Pods Resources */,
			);
			buildRules = (
			);
			dependencies = (
			);
			name = QuickStartProjectTemplate;
			productName = QuickStartProjectTemplate;
			productReference = 8955DB1A1BB130ED00636FCA /* QuickStartProjectTemplate.app */;
			productType = "com.apple.product-type.application";
		};
/* End PBXNativeTarget section */

/* Begin PBXProject section */
		8955DB121BB130ED00636FCA /* Project object */ = {
			isa = PBXProject;
			attributes = {
				LastUpgradeCheck = 0700;
				ORGANIZATIONNAME = ArronXu;
				TargetAttributes = {
					8955DB191BB130ED00636FCA = {
						CreatedOnToolsVersion = 7.0;
					};
				};
			};
			buildConfigurationList = 8955DB151BB130ED00636FCA /* Build configuration list for PBXProject "QuickStartProjectTemplate" */;
			compatibilityVersion = "Xcode 3.2";
			developmentRegion = English;
			hasScannedForEncodings = 0;
			knownRegions = (
				en,
				Base,
			);
			mainGroup = 8955DB111BB130ED00636FCA;
			productRefGroup = 8955DB1B1BB130ED00636FCA /* Products */;
			projectDirPath = "";
			projectRoot = "";
			targets = (
				8955DB191BB130ED00636FCA /* QuickStartProjectTemplate */,
			);
		};
/* End PBXProject section */

/* Begin PBXResourcesBuildPhase section */
		8955DB181BB130ED00636FCA /* Resources */ = {
			isa = PBXResourcesBuildPhase;
			buildActionMask = 2147483647;
			files = (
				8955DB2D1BB130ED00636FCA /* LaunchScreen.storyboard in Resources */,
				8955DB2A1BB130ED00636FCA /* Assets.xcassets in Resources */,
				8955DB281BB130ED00636FCA /* Main.storyboard in Resources */,
			);
			runOnlyForDeploymentPostprocessing = 0;
		};
/* End PBXResourcesBuildPhase section */

/* Begin PBXShellScriptBuildPhase section */
		5134EC034A8BB48763FE0D74 /* Check Pods Manifest.lock */ = {
			isa = PBXShellScriptBuildPhase;
			buildActionMask = 2147483647;
			files = (
			);
			inputPaths = (
			);
			name = "Check Pods Manifest.lock";
			outputPaths = (
			);
			runOnlyForDeploymentPostprocessing = 0;
			shellPath = /bin/sh;
			shellScript = "diff \"${PODS_ROOT}/../Podfile.lock\" \"${PODS_ROOT}/Manifest.lock\" > /dev/null\nif [[ $? != 0 ]] ; then\n    cat << EOM\nerror: The sandbox is not in sync with the Podfile.lock. Run 'pod install' or update your CocoaPods installation.\nEOM\n    exit 1\nfi\n";
			showEnvVarsInLog = 0;
		};
		6606981E9310B2D184A898FD /* Copy Pods Resources */ = {
			isa = PBXShellScriptBuildPhase;
			buildActionMask = 2147483647;
			files = (
			);
			inputPaths = (
			);
			name = "Copy Pods Resources";
			outputPaths = (
			);
			runOnlyForDeploymentPostprocessing = 0;
			shellPath = /bin/sh;
			shellScript = "\"${SRCROOT}/Pods/Target Support Files/Pods/Pods-resources.sh\"\n";
			showEnvVarsInLog = 0;
		};
/* End PBXShellScriptBuildPhase section */

/* Begin PBXSourcesBuildPhase section */
		8955DB161BB130ED00636FCA /* Sources */ = {
			isa = PBXSourcesBuildPhase;
			buildActionMask = 2147483647;
			files = (
				899D37E31BB1C65D00C4B64D /* ViewController.m in Sources */,
				8955DB221BB130ED00636FCA /* AppDelegate.m in Sources */,
				8955DB1F1BB130ED00636FCA /* main.m in Sources */,
			);
			runOnlyForDeploymentPostprocessing = 0;
		};
/* End PBXSourcesBuildPhase section */

/* Begin PBXVariantGroup section */
		8955DB261BB130ED00636FCA /* Main.storyboard */ = {
			isa = PBXVariantGroup;
			children = (
				8955DB271BB130ED00636FCA /* Base */,
			);
			name = Main.storyboard;
			path = ..;
			sourceTree = "<group>";
		};
		8955DB2B1BB130ED00636FCA /* LaunchScreen.storyboard */ = {
			isa = PBXVariantGroup;
			children = (
				8955DB2C1BB130ED00636FCA /* Base */,
			);
			name = LaunchScreen.storyboard;
			path = ..;
			sourceTree = "<group>";
		};
/* End PBXVariantGroup section */

/* Begin XCBuildConfiguration section */
		8955DB2F1BB130ED00636FCA /* Debug */ = {
			isa = XCBuildConfiguration;
			buildSettings = {
				ALWAYS_SEARCH_USER_PATHS = NO;
				CLANG_CXX_LANGUAGE_STANDARD = "gnu++0x";
				CLANG_CXX_LIBRARY = "libc++";
				CLANG_ENABLE_MODULES = YES;
				CLANG_ENABLE_OBJC_ARC = YES;
				CLANG_WARN_BOOL_CONVERSION = YES;
				CLANG_WARN_CONSTANT_CONVERSION = YES;
				CLANG_WARN_DIRECT_OBJC_ISA_USAGE = YES_ERROR;
				CLANG_WARN_EMPTY_BODY = YES;
				CLANG_WARN_ENUM_CONVERSION = YES;
				CLANG_WARN_INT_CONVERSION = YES;
				CLANG_WARN_OBJC_ROOT_CLASS = YES_ERROR;
				CLANG_WARN_UNREACHABLE_CODE = YES;
				CLANG_WARN__DUPLICATE_METHOD_MATCH = YES;
				"CODE_SIGN_IDENTITY[sdk=iphoneos*]" = "iPhone Developer";
				COPY_PHASE_STRIP = NO;
				DEBUG_INFORMATION_FORMAT = dwarf;
				ENABLE_STRICT_OBJC_MSGSEND = YES;
				ENABLE_TESTABILITY = YES;
				GCC_C_LANGUAGE_STANDARD = gnu99;
				GCC_DYNAMIC_NO_PIC = NO;
				GCC_NO_COMMON_BLOCKS = YES;
				GCC_OPTIMIZATION_LEVEL = 0;
				GCC_PREPROCESSOR_DEFINITIONS = (
					"DEBUG=1",
					"$(inherited)",
				);
				GCC_WARN_64_TO_32_BIT_CONVERSION = YES;
				GCC_WARN_ABOUT_RETURN_TYPE = YES_ERROR;
				GCC_WARN_UNDECLARED_SELECTOR = YES;
				GCC_WARN_UNINITIALIZED_AUTOS = YES_AGGRESSIVE;
				GCC_WARN_UNUSED_FUNCTION = YES;
				GCC_WARN_UNUSED_VARIABLE = YES;
				IPHONEOS_DEPLOYMENT_TARGET = 9.0;
				MTL_ENABLE_DEBUG_INFO = YES;
				ONLY_ACTIVE_ARCH = YES;
				SDKROOT = iphoneos;
			};
			name = Debug;
		};
		8955DB301BB130ED00636FCA /* Release */ = {
			isa = XCBuildConfiguration;
			buildSettings = {
				ALWAYS_SEARCH_USER_PATHS = NO;
				CLANG_CXX_LANGUAGE_STANDARD = "gnu++0x";
				CLANG_CXX_LIBRARY = "libc++";
				CLANG_ENABLE_MODULES = YES;
				CLANG_ENABLE_OBJC_ARC = YES;
				CLANG_WARN_BOOL_CONVERSION = YES;
				CLANG_WARN_CONSTANT_CONVERSION = YES;
				CLANG_WARN_DIRECT_OBJC_ISA_USAGE = YES_ERROR;
				CLANG_WARN_EMPTY_BODY = YES;
				CLANG_WARN_ENUM_CONVERSION = YES;
				CLANG_WARN_INT_CONVERSION = YES;
				CLANG_WARN_OBJC_ROOT_CLASS = YES_ERROR;
				CLANG_WARN_UNREACHABLE_CODE = YES;
				CLANG_WARN__DUPLICATE_METHOD_MATCH = YES;
				"CODE_SIGN_IDENTITY[sdk=iphoneos*]" = "iPhone Developer";
				COPY_PHASE_STRIP = NO;
				DEBUG_INFORMATION_FORMAT = "dwarf-with-dsym";
				ENABLE_NS_ASSERTIONS = NO;
				ENABLE_STRICT_OBJC_MSGSEND = YES;
				GCC_C_LANGUAGE_STANDARD = gnu99;
				GCC_NO_COMMON_BLOCKS = YES;
				GCC_WARN_64_TO_32_BIT_CONVERSION = YES;
				GCC_WARN_ABOUT_RETURN_TYPE = YES_ERROR;
				GCC_WARN_UNDECLARED_SELECTOR = YES;
				GCC_WARN_UNINITIALIZED_AUTOS = YES_AGGRESSIVE;
				GCC_WARN_UNUSED_FUNCTION = YES;
				GCC_WARN_UNUSED_VARIABLE = YES;
				IPHONEOS_DEPLOYMENT_TARGET = 9.0;
				MTL_ENABLE_DEBUG_INFO = NO;
				SDKROOT = iphoneos;
				VALIDATE_PRODUCT = YES;
			};
			name = Release;
		};
		8955DB321BB130ED00636FCA /* Debug */ = {
			isa = XCBuildConfiguration;
			baseConfigurationReference = 3CC3B14906098D5896252B82 /* Pods.debug.xcconfig */;
			buildSettings = {
				ASSETCATALOG_COMPILER_APPICON_NAME = AppIcon;
				INFOPLIST_FILE = QuickStartProjectTemplate/Info.plist;
				LD_RUNPATH_SEARCH_PATHS = "$(inherited) @executable_path/Frameworks";
				PRODUCT_BUNDLE_IDENTIFIER = com.arron.QuickStartProjectTemplate;
				PRODUCT_NAME = "$(TARGET_NAME)";
			};
			name = Debug;
		};
		8955DB331BB130ED00636FCA /* Release */ = {
			isa = XCBuildConfiguration;
			baseConfigurationReference = D6921ABD13F8E8F946CCA66E /* Pods.release.xcconfig */;
			buildSettings = {
				ASSETCATALOG_COMPILER_APPICON_NAME = AppIcon;
				INFOPLIST_FILE = QuickStartProjectTemplate/Info.plist;
				LD_RUNPATH_SEARCH_PATHS = "$(inherited) @executable_path/Frameworks";
				PRODUCT_BUNDLE_IDENTIFIER = com.arron.QuickStartProjectTemplate;
				PRODUCT_NAME = "$(TARGET_NAME)";
			};
			name = Release;
		};
/* End XCBuildConfiguration section */

/* Begin XCConfigurationList section */
		8955DB151BB130ED00636FCA /* Build configuration list for PBXProject "QuickStartProjectTemplate" */ = {
			isa = XCConfigurationList;
			buildConfigurations = (
				8955DB2F1BB130ED00636FCA /* Debug */,
				8955DB301BB130ED00636FCA /* Release */,
			);
			defaultConfigurationIsVisible = 0;
			defaultConfigurationName = Release;
		};
		8955DB311BB130ED00636FCA /* Build configuration list for PBXNativeTarget "QuickStartProjectTemplate" */ = {
			isa = XCConfigurationList;
			buildConfigurations = (
				8955DB321BB130ED00636FCA /* Debug */,
				8955DB331BB130ED00636FCA /* Release */,
			);
			defaultConfigurationIsVisible = 0;
			defaultConfigurationName = Release;
		};
/* End XCConfigurationList section */
	};
	rootObject = 8955DB121BB130ED00636FCA /* Project object */;
}
